
Microsoft Visual Studio Solution File, Format Version 12.00
# Visual Studio Version 17
VisualStudioVersion = 17.8.34601.278
MinimumVisualStudioVersion = 10.0.40219.1
Project("{8BC9CEB8-8B4A-11D0-8D11-00A0C91BC942}") = "Test", "Test\Test.vcxproj", "{83D22F3E-3CC9-48EA-B915-3F6FE4971E49}"
EndProject
Project("{8BC9CEB8-8B4A-11D0-8D11-00A0C91BC942}") = "SortPolynomial", "SortPolynomial\SortPolynomial.vcxproj", "{9440964A-C394-45BE-8AE1-A2958253FC94}"
EndProject
Project("{9A19103F-16F7-4668-BE54-9A1E7A4F7556}") = "Demo", "Demo\Demo.csproj", "{88C1634E-D01A-47D1-8240-EA14A7C73424}"
EndProject
Project("{9A19103F-16F7-4668-BE54-9A1E7A4F7556}") = "DemoStaticInstance", "DemoStaticInstance\DemoStaticInstance.csproj", "{31CCA0B5-886B-4FA3-A4D8-FC856F498D7F}"
EndProject
Project("{9A19103F-16F7-4668-BE54-9A1E7A4F7556}") = "OverrideNewVirtual", "OverrideNewVirtual\OverrideNewVirtual.csproj", "{5B6EFD77-F827-4D5E-9EF6-73E7ADBDDA91}"
EndProject
Project("{9A19103F-16F7-4668-BE54-9A1E7A4F7556}") = "Delegate", "Delegate\Delegate.csproj", "{D2748AAB-C3B6-408E-B0CB-AE68B49439B1}"
EndProject
Project("{9A19103F-16F7-4668-BE54-9A1E7A4F7556}") = "DependencyInjection", "DependencyInjection\DependencyInjection.csproj", "{CC81539A-A144-4CA3-BF9E-201DADB2FAD3}"
EndProject
Project("{9A19103F-16F7-4668-BE54-9A1E7A4F7556}") = "AsyncAwait", "AsyncAwait\AsyncAwait.csproj", "{5272A37C-786F-4531-AB71-E4A25B254E22}"
EndProject
Project("{9A19103F-16F7-4668-BE54-9A1E7A4F7556}") = "RecordDemo", "RecordDemo\RecordDemo.csproj", "{05A43EED-8F63-4AF2-AA0C-7DD511F12B04}"
EndProject
Project("{FAE04EC0-301F-11D3-BF4B-00C04F79EFBC}") = "AttributeDemo", "AttributeDemo\AttributeDemo.csproj", "{2AFBDF34-6627-4AF0-A638-B75E17775A0D}"
EndProject
Project("{FAE04EC0-301F-11D3-BF4B-00C04F79EFBC}") = "TestAuthentication.API", "TestAuthentication.API\TestAuthentication.API.csproj", "{36EAD1C7-6779-439B-8C76-BA642B0DC0EF}"
EndProject
Project("{FAE04EC0-301F-11D3-BF4B-00C04F79EFBC}") = "TestAuthentication.Infrastructure", "TestAuthentication.Infrastructure\TestAuthentication.Infrastructure.csproj", "{FAFA54FD-5109-4AF3-8450-C3BF2347747A}"
EndProject
Global
	GlobalSection(SolutionConfigurationPlatforms) = preSolution
		Debug|Any CPU = Debug|Any CPU
		Debug|x64 = Debug|x64
		Debug|x86 = Debug|x86
		Release|Any CPU = Release|Any CPU
		Release|x64 = Release|x64
		Release|x86 = Release|x86
	EndGlobalSection
	GlobalSection(ProjectConfigurationPlatforms) = postSolution
		{83D22F3E-3CC9-48EA-B915-3F6FE4971E49}.Debug|Any CPU.ActiveCfg = Debug|x64
		{83D22F3E-3CC9-48EA-B915-3F6FE4971E49}.Debug|Any CPU.Build.0 = Debug|x64
		{83D22F3E-3CC9-48EA-B915-3F6FE4971E49}.Debug|x64.ActiveCfg = Debug|x64
		{83D22F3E-3CC9-48EA-B915-3F6FE4971E49}.Debug|x64.Build.0 = Debug|x64
		{83D22F3E-3CC9-48EA-B915-3F6FE4971E49}.Debug|x86.ActiveCfg = Debug|Win32
		{83D22F3E-3CC9-48EA-B915-3F6FE4971E49}.Debug|x86.Build.0 = Debug|Win32
		{83D22F3E-3CC9-48EA-B915-3F6FE4971E49}.Release|Any CPU.ActiveCfg = Release|x64
		{83D22F3E-3CC9-48EA-B915-3F6FE4971E49}.Release|Any CPU.Build.0 = Release|x64
		{83D22F3E-3CC9-48EA-B915-3F6FE4971E49}.Release|x64.ActiveCfg = Release|x64
		{83D22F3E-3CC9-48EA-B915-3F6FE4971E49}.Release|x64.Build.0 = Release|x64
		{83D22F3E-3CC9-48EA-B915-3F6FE4971E49}.Release|x86.ActiveCfg = Release|Win32
		{83D22F3E-3CC9-48EA-B915-3F6FE4971E49}.Release|x86.Build.0 = Release|Win32
		{9440964A-C394-45BE-8AE1-A2958253FC94}.Debug|Any CPU.ActiveCfg = Debug|x64
		{9440964A-C394-45BE-8AE1-A2958253FC94}.Debug|Any CPU.Build.0 = Debug|x64
		{9440964A-C394-45BE-8AE1-A2958253FC94}.Debug|x64.ActiveCfg = Debug|x64
		{9440964A-C394-45BE-8AE1-A2958253FC94}.Debug|x64.Build.0 = Debug|x64
		{9440964A-C394-45BE-8AE1-A2958253FC94}.Debug|x86.ActiveCfg = Debug|Win32
		{9440964A-C394-45BE-8AE1-A2958253FC94}.Debug|x86.Build.0 = Debug|Win32
		{9440964A-C394-45BE-8AE1-A2958253FC94}.Release|Any CPU.ActiveCfg = Release|x64
		{9440964A-C394-45BE-8AE1-A2958253FC94}.Release|Any CPU.Build.0 = Release|x64
		{9440964A-C394-45BE-8AE1-A2958253FC94}.Release|x64.ActiveCfg = Release|x64
		{9440964A-C394-45BE-8AE1-A2958253FC94}.Release|x64.Build.0 = Release|x64
		{9440964A-C394-45BE-8AE1-A2958253FC94}.Release|x86.ActiveCfg = Release|Win32
		{9440964A-C394-45BE-8AE1-A2958253FC94}.Release|x86.Build.0 = Release|Win32
		{88C1634E-D01A-47D1-8240-EA14A7C73424}.Debug|Any CPU.ActiveCfg = Debug|Any CPU
		{88C1634E-D01A-47D1-8240-EA14A7C73424}.Debug|Any CPU.Build.0 = Debug|Any CPU
		{88C1634E-D01A-47D1-8240-EA14A7C73424}.Debug|x64.ActiveCfg = Debug|Any CPU
		{88C1634E-D01A-47D1-8240-EA14A7C73424}.Debug|x64.Build.0 = Debug|Any CPU
		{88C1634E-D01A-47D1-8240-EA14A7C73424}.Debug|x86.ActiveCfg = Debug|Any CPU
		{88C1634E-D01A-47D1-8240-EA14A7C73424}.Debug|x86.Build.0 = Debug|Any CPU
		{88C1634E-D01A-47D1-8240-EA14A7C73424}.Release|Any CPU.ActiveCfg = Release|Any CPU
		{88C1634E-D01A-47D1-8240-EA14A7C73424}.Release|Any CPU.Build.0 = Release|Any CPU
		{88C1634E-D01A-47D1-8240-EA14A7C73424}.Release|x64.ActiveCfg = Release|Any CPU
		{88C1634E-D01A-47D1-8240-EA14A7C73424}.Release|x64.Build.0 = Release|Any CPU
		{88C1634E-D01A-47D1-8240-EA14A7C73424}.Release|x86.ActiveCfg = Release|Any CPU
		{88C1634E-D01A-47D1-8240-EA14A7C73424}.Release|x86.Build.0 = Release|Any CPU
		{31CCA0B5-886B-4FA3-A4D8-FC856F498D7F}.Debug|Any CPU.ActiveCfg = Debug|Any CPU
		{31CCA0B5-886B-4FA3-A4D8-FC856F498D7F}.Debug|Any CPU.Build.0 = Debug|Any CPU
		{31CCA0B5-886B-4FA3-A4D8-FC856F498D7F}.Debug|x64.ActiveCfg = Debug|Any CPU
		{31CCA0B5-886B-4FA3-A4D8-FC856F498D7F}.Debug|x64.Build.0 = Debug|Any CPU
		{31CCA0B5-886B-4FA3-A4D8-FC856F498D7F}.Debug|x86.ActiveCfg = Debug|Any CPU
		{31CCA0B5-886B-4FA3-A4D8-FC856F498D7F}.Debug|x86.Build.0 = Debug|Any CPU
		{31CCA0B5-886B-4FA3-A4D8-FC856F498D7F}.Release|Any CPU.ActiveCfg = Release|Any CPU
		{31CCA0B5-886B-4FA3-A4D8-FC856F498D7F}.Release|Any CPU.Build.0 = Release|Any CPU
		{31CCA0B5-886B-4FA3-A4D8-FC856F498D7F}.Release|x64.ActiveCfg = Release|Any CPU
		{31CCA0B5-886B-4FA3-A4D8-FC856F498D7F}.Release|x64.Build.0 = Release|Any CPU
		{31CCA0B5-886B-4FA3-A4D8-FC856F498D7F}.Release|x86.ActiveCfg = Release|Any CPU
		{31CCA0B5-886B-4FA3-A4D8-FC856F498D7F}.Release|x86.Build.0 = Release|Any CPU
		{5B6EFD77-F827-4D5E-9EF6-73E7ADBDDA91}.Debug|Any CPU.ActiveCfg = Debug|Any CPU
		{5B6EFD77-F827-4D5E-9EF6-73E7ADBDDA91}.Debug|Any CPU.Build.0 = Debug|Any CPU
		{5B6EFD77-F827-4D5E-9EF6-73E7ADBDDA91}.Debug|x64.ActiveCfg = Debug|Any CPU
		{5B6EFD77-F827-4D5E-9EF6-73E7ADBDDA91}.Debug|x64.Build.0 = Debug|Any CPU
		{5B6EFD77-F827-4D5E-9EF6-73E7ADBDDA91}.Debug|x86.ActiveCfg = Debug|Any CPU
		{5B6EFD77-F827-4D5E-9EF6-73E7ADBDDA91}.Debug|x86.Build.0 = Debug|Any CPU
		{5B6EFD77-F827-4D5E-9EF6-73E7ADBDDA91}.Release|Any CPU.ActiveCfg = Release|Any CPU
		{5B6EFD77-F827-4D5E-9EF6-73E7ADBDDA91}.Release|Any CPU.Build.0 = Release|Any CPU
		{5B6EFD77-F827-4D5E-9EF6-73E7ADBDDA91}.Release|x64.ActiveCfg = Release|Any CPU
		{5B6EFD77-F827-4D5E-9EF6-73E7ADBDDA91}.Release|x64.Build.0 = Release|Any CPU
		{5B6EFD77-F827-4D5E-9EF6-73E7ADBDDA91}.Release|x86.ActiveCfg = Release|Any CPU
		{5B6EFD77-F827-4D5E-9EF6-73E7ADBDDA91}.Release|x86.Build.0 = Release|Any CPU
		{D2748AAB-C3B6-408E-B0CB-AE68B49439B1}.Debug|Any CPU.ActiveCfg = Debug|Any CPU
		{D2748AAB-C3B6-408E-B0CB-AE68B49439B1}.Debug|Any CPU.Build.0 = Debug|Any CPU
		{D2748AAB-C3B6-408E-B0CB-AE68B49439B1}.Debug|x64.ActiveCfg = Debug|Any CPU
		{D2748AAB-C3B6-408E-B0CB-AE68B49439B1}.Debug|x64.Build.0 = Debug|Any CPU
		{D2748AAB-C3B6-408E-B0CB-AE68B49439B1}.Debug|x86.ActiveCfg = Debug|Any CPU
		{D2748AAB-C3B6-408E-B0CB-AE68B49439B1}.Debug|x86.Build.0 = Debug|Any CPU
		{D2748AAB-C3B6-408E-B0CB-AE68B49439B1}.Release|Any CPU.ActiveCfg = Release|Any CPU
		{D2748AAB-C3B6-408E-B0CB-AE68B49439B1}.Release|Any CPU.Build.0 = Release|Any CPU
		{D2748AAB-C3B6-408E-B0CB-AE68B49439B1}.Release|x64.ActiveCfg = Release|Any CPU
		{D2748AAB-C3B6-408E-B0CB-AE68B49439B1}.Release|x64.Build.0 = Release|Any CPU
		{D2748AAB-C3B6-408E-B0CB-AE68B49439B1}.Release|x86.ActiveCfg = Release|Any CPU
		{D2748AAB-C3B6-408E-B0CB-AE68B49439B1}.Release|x86.Build.0 = Release|Any CPU
		{CC81539A-A144-4CA3-BF9E-201DADB2FAD3}.Debug|Any CPU.ActiveCfg = Debug|Any CPU
		{CC81539A-A144-4CA3-BF9E-201DADB2FAD3}.Debug|Any CPU.Build.0 = Debug|Any CPU
		{CC81539A-A144-4CA3-BF9E-201DADB2FAD3}.Debug|x64.ActiveCfg = Debug|Any CPU
		{CC81539A-A144-4CA3-BF9E-201DADB2FAD3}.Debug|x64.Build.0 = Debug|Any CPU
		{CC81539A-A144-4CA3-BF9E-201DADB2FAD3}.Debug|x86.ActiveCfg = Debug|Any CPU
		{CC81539A-A144-4CA3-BF9E-201DADB2FAD3}.Debug|x86.Build.0 = Debug|Any CPU
		{CC81539A-A144-4CA3-BF9E-201DADB2FAD3}.Release|Any CPU.ActiveCfg = Release|Any CPU
		{CC81539A-A144-4CA3-BF9E-201DADB2FAD3}.Release|Any CPU.Build.0 = Release|Any CPU
		{CC81539A-A144-4CA3-BF9E-201DADB2FAD3}.Release|x64.ActiveCfg = Release|Any CPU
		{CC81539A-A144-4CA3-BF9E-201DADB2FAD3}.Release|x64.Build.0 = Release|Any CPU
		{CC81539A-A144-4CA3-BF9E-201DADB2FAD3}.Release|x86.ActiveCfg = Release|Any CPU
		{CC81539A-A144-4CA3-BF9E-201DADB2FAD3}.Release|x86.Build.0 = Release|Any CPU
		{5272A37C-786F-4531-AB71-E4A25B254E22}.Debug|Any CPU.ActiveCfg = Debug|Any CPU
		{5272A37C-786F-4531-AB71-E4A25B254E22}.Debug|Any CPU.Build.0 = Debug|Any CPU
		{5272A37C-786F-4531-AB71-E4A25B254E22}.Debug|x64.ActiveCfg = Debug|Any CPU
		{5272A37C-786F-4531-AB71-E4A25B254E22}.Debug|x64.Build.0 = Debug|Any CPU
		{5272A37C-786F-4531-AB71-E4A25B254E22}.Debug|x86.ActiveCfg = Debug|Any CPU
		{5272A37C-786F-4531-AB71-E4A25B254E22}.Debug|x86.Build.0 = Debug|Any CPU
		{5272A37C-786F-4531-AB71-E4A25B254E22}.Release|Any CPU.ActiveCfg = Release|Any CPU
		{5272A37C-786F-4531-AB71-E4A25B254E22}.Release|Any CPU.Build.0 = Release|Any CPU
		{5272A37C-786F-4531-AB71-E4A25B254E22}.Release|x64.ActiveCfg = Release|Any CPU
		{5272A37C-786F-4531-AB71-E4A25B254E22}.Release|x64.Build.0 = Release|Any CPU
		{5272A37C-786F-4531-AB71-E4A25B254E22}.Release|x86.ActiveCfg = Release|Any CPU
		{5272A37C-786F-4531-AB71-E4A25B254E22}.Release|x86.Build.0 = Release|Any CPU
		{05A43EED-8F63-4AF2-AA0C-7DD511F12B04}.Debug|Any CPU.ActiveCfg = Debug|Any CPU
		{05A43EED-8F63-4AF2-AA0C-7DD511F12B04}.Debug|Any CPU.Build.0 = Debug|Any CPU
		{05A43EED-8F63-4AF2-AA0C-7DD511F12B04}.Debug|x64.ActiveCfg = Debug|Any CPU
		{05A43EED-8F63-4AF2-AA0C-7DD511F12B04}.Debug|x64.Build.0 = Debug|Any CPU
		{05A43EED-8F63-4AF2-AA0C-7DD511F12B04}.Debug|x86.ActiveCfg = Debug|Any CPU
		{05A43EED-8F63-4AF2-AA0C-7DD511F12B04}.Debug|x86.Build.0 = Debug|Any CPU
		{05A43EED-8F63-4AF2-AA0C-7DD511F12B04}.Release|Any CPU.ActiveCfg = Release|Any CPU
		{05A43EED-8F63-4AF2-AA0C-7DD511F12B04}.Release|Any CPU.Build.0 = Release|Any CPU
		{05A43EED-8F63-4AF2-AA0C-7DD511F12B04}.Release|x64.ActiveCfg = Release|Any CPU
		{05A43EED-8F63-4AF2-AA0C-7DD511F12B04}.Release|x64.Build.0 = Release|Any CPU
		{05A43EED-8F63-4AF2-AA0C-7DD511F12B04}.Release|x86.ActiveCfg = Release|Any CPU
		{05A43EED-8F63-4AF2-AA0C-7DD511F12B04}.Release|x86.Build.0 = Release|Any CPU
		{2AFBDF34-6627-4AF0-A638-B75E17775A0D}.Debug|Any CPU.ActiveCfg = Debug|Any CPU
		{2AFBDF34-6627-4AF0-A638-B75E17775A0D}.Debug|Any CPU.Build.0 = Debug|Any CPU
		{2AFBDF34-6627-4AF0-A638-B75E17775A0D}.Debug|x64.ActiveCfg = Debug|Any CPU
		{2AFBDF34-6627-4AF0-A638-B75E17775A0D}.Debug|x64.Build.0 = Debug|Any CPU
		{2AFBDF34-6627-4AF0-A638-B75E17775A0D}.Debug|x86.ActiveCfg = Debug|Any CPU
		{2AFBDF34-6627-4AF0-A638-B75E17775A0D}.Debug|x86.Build.0 = Debug|Any CPU
		{2AFBDF34-6627-4AF0-A638-B75E17775A0D}.Release|Any CPU.ActiveCfg = Release|Any CPU
		{2AFBDF34-6627-4AF0-A638-B75E17775A0D}.Release|Any CPU.Build.0 = Release|Any CPU
		{2AFBDF34-6627-4AF0-A638-B75E17775A0D}.Release|x64.ActiveCfg = Release|Any CPU
		{2AFBDF34-6627-4AF0-A638-B75E17775A0D}.Release|x64.Build.0 = Release|Any CPU
		{2AFBDF34-6627-4AF0-A638-B75E17775A0D}.Release|x86.ActiveCfg = Release|Any CPU
		{2AFBDF34-6627-4AF0-A638-B75E17775A0D}.Release|x86.Build.0 = Release|Any CPU
		{36EAD1C7-6779-439B-8C76-BA642B0DC0EF}.Debug|Any CPU.ActiveCfg = Debug|Any CPU
		{36EAD1C7-6779-439B-8C76-BA642B0DC0EF}.Debug|Any CPU.Build.0 = Debug|Any CPU
		{36EAD1C7-6779-439B-8C76-BA642B0DC0EF}.Debug|x64.ActiveCfg = Debug|Any CPU
		{36EAD1C7-6779-439B-8C76-BA642B0DC0EF}.Debug|x64.Build.0 = Debug|Any CPU
		{36EAD1C7-6779-439B-8C76-BA642B0DC0EF}.Debug|x86.ActiveCfg = Debug|Any CPU
		{36EAD1C7-6779-439B-8C76-BA642B0DC0EF}.Debug|x86.Build.0 = Debug|Any CPU
		{36EAD1C7-6779-439B-8C76-BA642B0DC0EF}.Release|Any CPU.ActiveCfg = Release|Any CPU
		{36EAD1C7-6779-439B-8C76-BA642B0DC0EF}.Release|Any CPU.Build.0 = Release|Any CPU
		{36EAD1C7-6779-439B-8C76-BA642B0DC0EF}.Release|x64.ActiveCfg = Release|Any CPU
		{36EAD1C7-6779-439B-8C76-BA642B0DC0EF}.Release|x64.Build.0 = Release|Any CPU
		{36EAD1C7-6779-439B-8C76-BA642B0DC0EF}.Release|x86.ActiveCfg = Release|Any CPU
		{36EAD1C7-6779-439B-8C76-BA642B0DC0EF}.Release|x86.Build.0 = Release|Any CPU
		{FAFA54FD-5109-4AF3-8450-C3BF2347747A}.Debug|Any CPU.ActiveCfg = Debug|Any CPU
		{FAFA54FD-5109-4AF3-8450-C3BF2347747A}.Debug|Any CPU.Build.0 = Debug|Any CPU
		{FAFA54FD-5109-4AF3-8450-C3BF2347747A}.Debug|x64.ActiveCfg = Debug|Any CPU
		{FAFA54FD-5109-4AF3-8450-C3BF2347747A}.Debug|x64.Build.0 = Debug|Any CPU
		{FAFA54FD-5109-4AF3-8450-C3BF2347747A}.Debug|x86.ActiveCfg = Debug|Any CPU
		{FAFA54FD-5109-4AF3-8450-C3BF2347747A}.Debug|x86.Build.0 = Debug|Any CPU
		{FAFA54FD-5109-4AF3-8450-C3BF2347747A}.Release|Any CPU.ActiveCfg = Release|Any CPU
		{FAFA54FD-5109-4AF3-8450-C3BF2347747A}.Release|Any CPU.Build.0 = Release|Any CPU
		{FAFA54FD-5109-4AF3-8450-C3BF2347747A}.Release|x64.ActiveCfg = Release|Any CPU
		{FAFA54FD-5109-4AF3-8450-C3BF2347747A}.Release|x64.Build.0 = Release|Any CPU
		{FAFA54FD-5109-4AF3-8450-C3BF2347747A}.Release|x86.ActiveCfg = Release|Any CPU
		{FAFA54FD-5109-4AF3-8450-C3BF2347747A}.Release|x86.Build.0 = Release|Any CPU
	EndGlobalSection
	GlobalSection(SolutionProperties) = preSolution
		HideSolutionNode = FALSE
	EndGlobalSection
	GlobalSection(ExtensibilityGlobals) = postSolution
		SolutionGuid = {786BD583-14C8-43AC-9263-4BB1CCD9737A}
	EndGlobalSection
EndGlobal
